
Microsoft Visual Studio Solution File, Format Version 12.00
# Visual Studio Version 17
VisualStudioVersion = 17.9.34616.47
MinimumVisualStudioVersion = 10.0.40219.1
Project("{FAE04EC0-301F-11D3-BF4B-00C04F79EFBC}") = "WindowsFormsApp2", "WindowsFormsApp2\WindowsFormsApp2.csproj", "{CDDEC833-16F0-434C-BB4A-6B5E0365F513}"
EndProject
Global
	GlobalSection(SolutionConfigurationPlatforms) = preSolution
		Debug|Any CPU = Debug|Any CPU
		Debug|x64 = Debug|x64
		Debug|x86 = Debug|x86
		Release|Any CPU = Release|Any CPU
		Release|x64 = Release|x64
		Release|x86 = Release|x86
	EndGlobalSection
	GlobalSection(ProjectConfigurationPlatforms) = postSolution
		{CDDEC833-16F0-434C-BB4A-6B5E0365F513}.Debug|Any CPU.ActiveCfg = Debug|Any CPU
		{CDDEC833-16F0-434C-BB4A-6B5E0365F513}.Debug|Any CPU.Build.0 = Debug|Any CPU
		{CDDEC833-16F0-434C-BB4A-6B5E0365F513}.Debug|x64.ActiveCfg = Debug|Any CPU
		{CDDEC833-16F0-434C-BB4A-6B5E0365F513}.Debug|x64.Build.0 = Debug|Any CPU
		{CDDEC833-16F0-434C-BB4A-6B5E0365F513}.Debug|x86.ActiveCfg = Debug|Any CPU
		{CDDEC833-16F0-434C-BB4A-6B5E0365F513}.Debug|x86.Build.0 = Debug|Any CPU
		{CDDEC833-16F0-434C-BB4A-6B5E0365F513}.Release|Any CPU.ActiveCfg = Release|Any CPU
		{CDDEC833-16F0-434C-BB4A-6B5E0365F513}.Release|Any CPU.Build.0 = Release|Any CPU
		{CDDEC833-16F0-434C-BB4A-6B5E0365F513}.Release|x64.ActiveCfg = Release|Any CPU
		{CDDEC833-16F0-434C-BB4A-6B5E0365F513}.Release|x64.Build.0 = Release|Any CPU
		{CDDEC833-16F0-434C-BB4A-6B5E0365F513}.Release|x86.ActiveCfg = Release|Any CPU
		{CDDEC833-16F0-434C-BB4A-6B5E0365F513}.Release|x86.Build.0 = Release|Any CPU
	EndGlobalSection
	GlobalSection(SolutionProperties) = preSolution
		HideSolutionNode = FALSE
	EndGlobalSection
	GlobalSection(ExtensibilityGlobals) = postSolution
		SolutionGuid = {88CDB3EA-9E2E-45B8-9725-8D4D99FB7488}
	EndGlobalSection
EndGlobal
